<?xml version="1.0" encoding="utf-8"?>
<Project ToolsVersion="4.0" xmlns="http://schemas.microsoft.com/developer/msbuild/2003">
  <ItemGroup>
    <Filter Include="Source Files">
      <UniqueIdentifier>{4FC737F1-C7A5-4376-A066-2A32D752A2FF}</UniqueIdentifier>
      <Extensions>cpp;c;cc;cxx;def;odl;idl;hpj;bat;asm;asmx</Extensions>
    </Filter>
    <Filter Include="Header Files">
      <UniqueIdentifier>{93995380-89BD-4b04-88EB-625FBE52EBFB}</UniqueIdentifier>
      <Extensions>h;hpp;hxx;hm;inl;inc;xsd</Extensions>
    </Filter>
    <Filter Include="Resource Files">
      <UniqueIdentifier>{67DA6AB6-F800-4c08-8B7A-83BB121AAD01}</UniqueIdentifier>
      <Extensions>rc;ico;cur;bmp;dlg;rc2;rct;bin;rgs;gif;jpg;jpeg;jpe;resx;tiff;tif;png;wav;mfcribbon-ms</Extensions>
    </Filter>
    <Filter Include="Generated Files">
      <UniqueIdentifier>{2e178c01-c574-4993-835c-0ff5e0ac5cbd}</UniqueIdentifier>
      <SourceControlFiles>False</SourceControlFiles>
    </Filter>
    <Filter Include="Custom Controls">
      <UniqueIdentifier>{c2ed539e-978f-4b4f-806a-d5af845a4f95}</UniqueIdentifier>
    </Filter>
  </ItemGroup>
  <ItemGroup>
    <ClCompile Include="stdafx.cpp">
      <Filter>Source Files</Filter>
    </ClCompile>
    <ClCompile Include="dllmain.cpp">
      <Filter>Source Files</Filter>
    </ClCompile>
    <ClCompile Include="SeavusTaskUpdate_i.c">
      <Filter>Generated Files</Filter>
    </ClCompile>
    <ClCompile Include="Connect.cpp">
      <Filter>Source Files</Filter>
    </ClCompile>
    <ClCompile Include="SeavusTaskUpdate.cpp">
      <Filter>Source Files</Filter>
    </ClCompile>
    <ClCompile Include="CollDlg.cpp">
      <Filter>Source Files</Filter>
    </ClCompile>
    <ClCompile Include="CollaborationManager.cpp">
      <Filter>Source Files</Filter>
    </ClCompile>
    <ClCompile Include="UpdatesManager.cpp">
      <Filter>Source Files</Filter>
    </ClCompile>
    <ClCompile Include="Utils.cpp">
      <Filter>Source Files</Filter>
    </ClCompile>
    <ClCompile Include="GetAssgnUpdatesDlg.cpp">
      <Filter>Source Files</Filter>
    </ClCompile>
    <ClCompile Include="GetTaskUpdatesDlg.cpp">
      <Filter>Source Files</Filter>
    </ClCompile>
    <ClCompile Include="OptionsPS.cpp">
      <Filter>Source Files</Filter>
    </ClCompile>
    <ClCompile Include="MappingPP.cpp">
      <Filter>Source Files</Filter>
    </ClCompile>
    <ClCompile Include="ImportSettingPP.cpp">
      <Filter>Source Files</Filter>
    </ClCompile>
    <ClCompile Include="TaskUpdate_ComboBox.cpp">
      <Filter>Custom Controls</Filter>
    </ClCompile>
    <ClCompile Include="TaskUpdate_TreeCtrl.cpp">
      <Filter>Custom Controls</Filter>
    </ClCompile>
    <ClCompile Include="TaskUpdate_ListCtrl.cpp">
      <Filter>Custom Controls</Filter>
    </ClCompile>
    <ClCompile Include="TaskUpdate_RadioButton.cpp">
      <Filter>Custom Controls</Filter>
    </ClCompile>
    <ClCompile Include="TaskUpdate_StaticCtrl.cpp">
      <Filter>Custom Controls</Filter>
    </ClCompile>
    <ClCompile Include="CustomTextMappingPP.cpp">
      <Filter>Source Files</Filter>
    </ClCompile>
  </ItemGroup>
  <ItemGroup>
    <ClInclude Include="stdafx.h">
      <Filter>Header Files</Filter>
    </ClInclude>
    <ClInclude Include="targetver.h">
      <Filter>Header Files</Filter>
    </ClInclude>
    <ClInclude Include="Resource.h">
      <Filter>Header Files</Filter>
    </ClInclude>
    <ClInclude Include="dllmain.h">
      <Filter>Header Files</Filter>
    </ClInclude>
    <ClInclude Include="SeavusTaskUpdate_i.h">
      <Filter>Generated Files</Filter>
    </ClInclude>
    <ClInclude Include="Connect.h">
      <Filter>Header Files</Filter>
    </ClInclude>
    <ClInclude Include="CollDlg.h">
      <Filter>Header Files</Filter>
    </ClInclude>
    <ClInclude Include="CollaborationManager.h">
      <Filter>Header Files</Filter>
    </ClInclude>
    <ClInclude Include="UpdatesManager.h">
      <Filter>Header Files</Filter>
    </ClInclude>
    <ClInclude Include="Utils.h">
      <Filter>Header Files</Filter>
    </ClInclude>
    <ClInclude Include="GetAssgnUpdatesDlg.h">
      <Filter>Header Files</Filter>
    </ClInclude>
    <ClInclude Include="GetTaskUpdatesDlg.h">
      <Filter>Header Files</Filter>
    </ClInclude>
    <ClInclude Include="OptionsPS.h">
      <Filter>Header Files</Filter>
    </ClInclude>
    <ClInclude Include="MappingPP.h">
      <Filter>Header Files</Filter>
    </ClInclude>
    <ClInclude Include="ImportSettingPP.h">
      <Filter>Header Files</Filter>
    </ClInclude>
    <ClInclude Include="TaskUpdate_ComboBox.h">
      <Filter>Custom Controls</Filter>
    </ClInclude>
    <ClInclude Include="TaskUpdate_TreeCtrl.h">
      <Filter>Custom Controls</Filter>
    </ClInclude>
    <ClInclude Include="TaskUpdate_ListCtrl.h">
      <Filter>Custom Controls</Filter>
    </ClInclude>
    <ClInclude Include="TaskUpdate_RadioButton.h">
      <Filter>Custom Controls</Filter>
    </ClInclude>
    <ClInclude Include="TaskUpdate_StaticCtrl.h">
      <Filter>Custom Controls</Filter>
    </ClInclude>
    <ClInclude Include="CustomTextMappingPP.h">
      <Filter>Header Files</Filter>
    </ClInclude>
  </ItemGroup>
  <ItemGroup>
    <None Include="ReadMe.txt" />
    <None Include="Connect.rgs">
      <Filter>Resource Files</Filter>
    </None>
    <None Include="SeavusTaskUpdate.def">
      <Filter>Source Files</Filter>
    </None>
    <None Include="SeavusTaskUpdate.rgs">
      <Filter>Resource Files</Filter>
    </None>
    <None Include="CheckBoxes.bmp">
      <Filter>Resource Files</Filter>
    </None>
    <None Include="bmpMakeColl.bmp">
      <Filter>Resource Files</Filter>
    </None>
    <None Include="bmpMakeCollMask.bmp">
      <Filter>Resource Files</Filter>
    </None>
    <None Include="bmpGetUpd.bmp">
      <Filter>Resource Files</Filter>
    </None>
    <None Include="bmpGetUpdMask.bmp">
      <Filter>Resource Files</Filter>
    </None>
    <None Include="bmpOptions.bmp">
      <Filter>Resource Files</Filter>
    </None>
    <None Include="bmpOptionsMask.bmp">
      <Filter>Resource Files</Filter>
    </None>
    <None Include="mapping.bmp">
      <Filter>Resource Files</Filter>
    </None>
    <None Include="bmpHelp.bmp">
      <Filter>Resource Files</Filter>
    </None>
    <None Include="bmpHelpMask.bmp">
      <Filter>Resource Files</Filter>
    </None>
  </ItemGroup>
  <ItemGroup>
    <Midl Include="SeavusTaskUpdate.idl">
      <Filter>Source Files</Filter>
    </Midl>
  </ItemGroup>
  <ItemGroup>
    <ResourceCompile Include="SeavusTaskUpdate.rc">
      <Filter>Resource Files</Filter>
    </ResourceCompile>
  </ItemGroup>
</Project>